
Microsoft Visual Studio Solution File, Format Version 12.00
# Visual Studio Version 17
VisualStudioVersion = 17.14.36221.1
MinimumVisualStudioVersion = 10.0.40219.1
Project("{FAE04EC0-301F-11D3-BF4B-00C04F79EFBC}") = "GameFramework.Pro.Tests", "GameFramework.Pro.Tests\GameFramework.Pro.Tests.csproj", "{CE523C1E-21B9-4825-BAB3-CBE21736389C}"
EndProject
Project("{FAE04EC0-301F-11D3-BF4B-00C04F79EFBC}") = "GameFramework.Pro", "GameFramework.Pro\GameFramework.Pro.csproj", "{AB28A7B2-B1D5-4520-AF51-87615889D572}"
EndProject
Project("{2150E333-8FDC-42A3-9474-1A3956D46DE8}") = "Solution Items", "Solution Items", "{8EC462FD-D22E-90A8-E5CE-7E832BA40C5D}"
	ProjectSection(SolutionItems) = preProject
		Icon.png = Icon.png
		LICENSE = LICENSE
		README.md = README.md
	EndProjectSection
EndProject
Project("{FAE04EC0-301F-11D3-BF4B-00C04F79EFBC}") = "GameFramework.Pro.Internal", "GameFramework.Pro.Internal\GameFramework.Pro.Internal.csproj", "{AC11C8A7-265A-4184-AE72-10F1CA2A907A}"
EndProject
Global
	GlobalSection(SolutionConfigurationPlatforms) = preSolution
		Debug|Any CPU = Debug|Any CPU
		Release|Any CPU = Release|Any CPU
	EndGlobalSection
	GlobalSection(ProjectConfigurationPlatforms) = postSolution
		{CE523C1E-21B9-4825-BAB3-CBE21736389C}.Debug|Any CPU.ActiveCfg = Debug|Any CPU
		{CE523C1E-21B9-4825-BAB3-CBE21736389C}.Debug|Any CPU.Build.0 = Debug|Any CPU
		{CE523C1E-21B9-4825-BAB3-CBE21736389C}.Release|Any CPU.ActiveCfg = Release|Any CPU
		{CE523C1E-21B9-4825-BAB3-CBE21736389C}.Release|Any CPU.Build.0 = Release|Any CPU
		{AB28A7B2-B1D5-4520-AF51-87615889D572}.Debug|Any CPU.ActiveCfg = Debug|Any CPU
		{AB28A7B2-B1D5-4520-AF51-87615889D572}.Debug|Any CPU.Build.0 = Debug|Any CPU
		{AB28A7B2-B1D5-4520-AF51-87615889D572}.Release|Any CPU.ActiveCfg = Release|Any CPU
		{AB28A7B2-B1D5-4520-AF51-87615889D572}.Release|Any CPU.Build.0 = Release|Any CPU
		{AC11C8A7-265A-4184-AE72-10F1CA2A907A}.Debug|Any CPU.ActiveCfg = Debug|Any CPU
		{AC11C8A7-265A-4184-AE72-10F1CA2A907A}.Debug|Any CPU.Build.0 = Debug|Any CPU
		{AC11C8A7-265A-4184-AE72-10F1CA2A907A}.Release|Any CPU.ActiveCfg = Release|Any CPU
		{AC11C8A7-265A-4184-AE72-10F1CA2A907A}.Release|Any CPU.Build.0 = Release|Any CPU
	EndGlobalSection
	GlobalSection(SolutionProperties) = preSolution
		HideSolutionNode = FALSE
	EndGlobalSection
	GlobalSection(ExtensibilityGlobals) = postSolution
		SolutionGuid = {A8494300-D0FC-48FB-96F5-61F9BFB64815}
	EndGlobalSection
EndGlobal
